
Microsoft Visual Studio Solution File, Format Version 12.00
# Visual Studio Version 16
VisualStudioVersion = 16.0.29613.14
MinimumVisualStudioVersion = 10.0.40219.1
Project("{9A19103F-16F7-4668-BE54-9A1E7A4F7556}") = "MyFirstWebsite", "MyFirstWebsite\MyFirstWebsite.csproj", "{404C56CA-4F70-4E9C-A5F5-EB219199811D}"
EndProject
Project("{2150E333-8FDC-42A3-9474-1A3956D46DE8}") = "Solution Items", "Solution Items", "{25BADFCE-CE0A-49E6-A347-C05EC989C9DB}"
	ProjectSection(SolutionItems) = preProject
		.editorconfig = .editorconfig
	EndProjectSection
EndProject
Global
	GlobalSection(SolutionConfigurationPlatforms) = preSolution
		Debug|Any CPU = Debug|Any CPU
		Release|Any CPU = Release|Any CPU
	EndGlobalSection
	GlobalSection(ProjectConfigurationPlatforms) = postSolution
		{404C56CA-4F70-4E9C-A5F5-EB219199811D}.Debug|Any CPU.ActiveCfg = Debug|Any CPU
		{404C56CA-4F70-4E9C-A5F5-EB219199811D}.Debug|Any CPU.Build.0 = Debug|Any CPU
		{404C56CA-4F70-4E9C-A5F5-EB219199811D}.Release|Any CPU.ActiveCfg = Release|Any CPU
		{404C56CA-4F70-4E9C-A5F5-EB219199811D}.Release|Any CPU.Build.0 = Release|Any CPU
	EndGlobalSection
	GlobalSection(SolutionProperties) = preSolution
		HideSolutionNode = FALSE
	EndGlobalSection
	GlobalSection(ExtensibilityGlobals) = postSolution
		SolutionGuid = {9125D608-B85C-437D-A6B3-CBA64C682357}
	EndGlobalSection
EndGlobal
